{
  "name": "code-chatbot",
  "lockfileVersion": 3,
  "requires": true,
  "packages": {
    "node_modules/@pinecone-database/pinecone": {
      "version": "6.1.3",
      "resolved": "https://registry.npmjs.org/@pinecone-database/pinecone/-/pinecone-6.1.3.tgz",
      "integrity": "sha512-EegC8sLP40+xdq3bu80TR6OZe3Sc4LuJFSFZb8RbMr3xvODEsvXe4QoS+kFx2PDR5g3dokP44NFR9AxseCeVQA==",
      "license": "Apache-2.0",
      "engines": {
        "node": ">=18.0.0"
      }
    }
  }
}
